// !$*UTF8*$!
{
	archiveVersion = 1;
	classes = {
	};
	objectVersion = 55;
	objects = {

/* Begin PBXBuildFile section */
		E342D608281415E2001C2E4E /* MapView.swift in Sources */ = {isa = PBXBuildFile; fileRef = E342D607281415E2001C2E4E /* MapView.swift */; };
		E342D60A281415F0001C2E4E /* MapViewModel.swift in Sources */ = {isa = PBXBuildFile; fileRef = E342D609281415F0001C2E4E /* MapViewModel.swift */; };
		E342D60C2814187A001C2E4E /* VehicleView.swift in Sources */ = {isa = PBXBuildFile; fileRef = E342D60B2814187A001C2E4E /* VehicleView.swift */; };
		E342D60E28141883001C2E4E /* VehicleViewModel.swift in Sources */ = {isa = PBXBuildFile; fileRef = E342D60D28141883001C2E4E /* VehicleViewModel.swift */; };
		E342D61028142A2F001C2E4E /* Constants.swift in Sources */ = {isa = PBXBuildFile; fileRef = E342D60F28142A2F001C2E4E /* Constants.swift */; };
		E342D6122814BD9D001C2E4E /* BaseService.swift in Sources */ = {isa = PBXBuildFile; fileRef = E342D6112814BD9D001C2E4E /* BaseService.swift */; };
		E342D6142814C58A001C2E4E /* VehicleDetailModel.swift in Sources */ = {isa = PBXBuildFile; fileRef = E342D6132814C58A001C2E4E /* VehicleDetailModel.swift */; };
		E342D6192819D726001C2E4E /* LocationModel.swift in Sources */ = {isa = PBXBuildFile; fileRef = E342D6182819D726001C2E4E /* LocationModel.swift */; };
		E342D61C281B04C3001C2E4E /* NavigationIcon.swift in Sources */ = {isa = PBXBuildFile; fileRef = E342D61B281B04C3001C2E4E /* NavigationIcon.swift */; };
		E342D61F281B0579001C2E4E /* ProceedButtonStyle.swift in Sources */ = {isa = PBXBuildFile; fileRef = E342D61E281B0579001C2E4E /* ProceedButtonStyle.swift */; };
		E342D621281B08C8001C2E4E /* VehicleBrandView.swift in Sources */ = {isa = PBXBuildFile; fileRef = E342D620281B08C8001C2E4E /* VehicleBrandView.swift */; };
		E342D625281B0F62001C2E4E /* KeyListView.swift in Sources */ = {isa = PBXBuildFile; fileRef = E342D624281B0F62001C2E4E /* KeyListView.swift */; };
		E342D627281B213B001C2E4E /* PhotoView.swift in Sources */ = {isa = PBXBuildFile; fileRef = E342D626281B213B001C2E4E /* PhotoView.swift */; };
		E342D62A281B244F001C2E4E /* OnBoardView.swift in Sources */ = {isa = PBXBuildFile; fileRef = E342D629281B244F001C2E4E /* OnBoardView.swift */; };
		E342D62C281B2458001C2E4E /* OnBoardViewModel.swift in Sources */ = {isa = PBXBuildFile; fileRef = E342D62B281B2458001C2E4E /* OnBoardViewModel.swift */; };
		E342D62E281B2A3C001C2E4E /* CommentTextView.swift in Sources */ = {isa = PBXBuildFile; fileRef = E342D62D281B2A3C001C2E4E /* CommentTextView.swift */; };
		E342D630281B515E001C2E4E /* AboutVehicleView.swift in Sources */ = {isa = PBXBuildFile; fileRef = E342D62F281B515E001C2E4E /* AboutVehicleView.swift */; };
		E342D632281B539E001C2E4E /* AboutModel.swift in Sources */ = {isa = PBXBuildFile; fileRef = E342D631281B539E001C2E4E /* AboutModel.swift */; };
		E342D634281B623F001C2E4E /* BrandModel.swift in Sources */ = {isa = PBXBuildFile; fileRef = E342D633281B623F001C2E4E /* BrandModel.swift */; };
		E342D636281B66D8001C2E4E /* PagableImageView.swift in Sources */ = {isa = PBXBuildFile; fileRef = E342D635281B66D8001C2E4E /* PagableImageView.swift */; };
		E342D638281B6877001C2E4E /* VehicleImageModel.swift in Sources */ = {isa = PBXBuildFile; fileRef = E342D637281B6877001C2E4E /* VehicleImageModel.swift */; };
		E342D63A281BF0DE001C2E4E /* ContractSliderView.swift in Sources */ = {isa = PBXBuildFile; fileRef = E342D639281BF0DE001C2E4E /* ContractSliderView.swift */; };
		E342D63C281C2BEC001C2E4E /* VehicleDetailInfoView.swift in Sources */ = {isa = PBXBuildFile; fileRef = E342D63B281C2BEC001C2E4E /* VehicleDetailInfoView.swift */; };
		E342D63E281C313E001C2E4E /* SliderView.swift in Sources */ = {isa = PBXBuildFile; fileRef = E342D63D281C313E001C2E4E /* SliderView.swift */; };
		E342D640281C38B8001C2E4E /* ContractButtonStyle.swift in Sources */ = {isa = PBXBuildFile; fileRef = E342D63F281C38B8001C2E4E /* ContractButtonStyle.swift */; };
		E342D642281C4799001C2E4E /* TagsModel.swift in Sources */ = {isa = PBXBuildFile; fileRef = E342D641281C4799001C2E4E /* TagsModel.swift */; };
		E3C692F428140CAD00399438 /* eKarApp.swift in Sources */ = {isa = PBXBuildFile; fileRef = E3C692F328140CAD00399438 /* eKarApp.swift */; };
		E3C692F828140CAD00399438 /* Assets.xcassets in Resources */ = {isa = PBXBuildFile; fileRef = E3C692F728140CAD00399438 /* Assets.xcassets */; };
		E3C692FB28140CAD00399438 /* Preview Assets.xcassets in Resources */ = {isa = PBXBuildFile; fileRef = E3C692FA28140CAD00399438 /* Preview Assets.xcassets */; };
		E3C6930528140CAE00399438 /* eKarTests.swift in Sources */ = {isa = PBXBuildFile; fileRef = E3C6930428140CAE00399438 /* eKarTests.swift */; };
		E3C6930F28140CAE00399438 /* eKarUITests.swift in Sources */ = {isa = PBXBuildFile; fileRef = E3C6930E28140CAE00399438 /* eKarUITests.swift */; };
		E3C6931128140CAE00399438 /* eKarUITestsLaunchTests.swift in Sources */ = {isa = PBXBuildFile; fileRef = E3C6931028140CAE00399438 /* eKarUITestsLaunchTests.swift */; };
/* End PBXBuildFile section */

/* Begin PBXContainerItemProxy section */
		E3C6930128140CAE00399438 /* PBXContainerItemProxy */ = {
			isa = PBXContainerItemProxy;
			containerPortal = E3C692E828140CAD00399438 /* Project object */;
			proxyType = 1;
			remoteGlobalIDString = E3C692EF28140CAD00399438;
			remoteInfo = eKar;
		};
		E3C6930B28140CAE00399438 /* PBXContainerItemProxy */ = {
			isa = PBXContainerItemProxy;
			containerPortal = E3C692E828140CAD00399438 /* Project object */;
			proxyType = 1;
			remoteGlobalIDString = E3C692EF28140CAD00399438;
			remoteInfo = eKar;
		};
/* End PBXContainerItemProxy section */

/* Begin PBXFileReference section */
		E342D607281415E2001C2E4E /* MapView.swift */ = {isa = PBXFileReference; lastKnownFileType = sourcecode.swift; path = MapView.swift; sourceTree = "<group>"; };
		E342D609281415F0001C2E4E /* MapViewModel.swift */ = {isa = PBXFileReference; lastKnownFileType = sourcecode.swift; path = MapViewModel.swift; sourceTree = "<group>"; };
		E342D60B2814187A001C2E4E /* VehicleView.swift */ = {isa = PBXFileReference; lastKnownFileType = sourcecode.swift; path = VehicleView.swift; sourceTree = "<group>"; };
		E342D60D28141883001C2E4E /* VehicleViewModel.swift */ = {isa = PBXFileReference; lastKnownFileType = sourcecode.swift; path = VehicleViewModel.swift; sourceTree = "<group>"; };
		E342D60F28142A2F001C2E4E /* Constants.swift */ = {isa = PBXFileReference; lastKnownFileType = sourcecode.swift; path = Constants.swift; sourceTree = "<group>"; };
		E342D6112814BD9D001C2E4E /* BaseService.swift */ = {isa = PBXFileReference; lastKnownFileType = sourcecode.swift; path = BaseService.swift; sourceTree = "<group>"; };
		E342D6132814C58A001C2E4E /* VehicleDetailModel.swift */ = {isa = PBXFileReference; lastKnownFileType = sourcecode.swift; path = VehicleDetailModel.swift; sourceTree = "<group>"; };
		E342D6152814C9AC001C2E4E /* Info.plist */ = {isa = PBXFileReference; lastKnownFileType = text.plist; path = Info.plist; sourceTree = "<group>"; };
		E342D6182819D726001C2E4E /* LocationModel.swift */ = {isa = PBXFileReference; lastKnownFileType = sourcecode.swift; path = LocationModel.swift; sourceTree = "<group>"; };
		E342D61B281B04C3001C2E4E /* NavigationIcon.swift */ = {isa = PBXFileReference; lastKnownFileType = sourcecode.swift; path = NavigationIcon.swift; sourceTree = "<group>"; };
		E342D61E281B0579001C2E4E /* ProceedButtonStyle.swift */ = {isa = PBXFileReference; lastKnownFileType = sourcecode.swift; path = ProceedButtonStyle.swift; sourceTree = "<group>"; };
		E342D620281B08C8001C2E4E /* VehicleBrandView.swift */ = {isa = PBXFileReference; lastKnownFileType = sourcecode.swift; path = VehicleBrandView.swift; sourceTree = "<group>"; };
		E342D624281B0F62001C2E4E /* KeyListView.swift */ = {isa = PBXFileReference; lastKnownFileType = sourcecode.swift; path = KeyListView.swift; sourceTree = "<group>"; };
		E342D626281B213B001C2E4E /* PhotoView.swift */ = {isa = PBXFileReference; lastKnownFileType = sourcecode.swift; path = PhotoView.swift; sourceTree = "<group>"; };
		E342D629281B244F001C2E4E /* OnBoardView.swift */ = {isa = PBXFileReference; lastKnownFileType = sourcecode.swift; path = OnBoardView.swift; sourceTree = "<group>"; };
		E342D62B281B2458001C2E4E /* OnBoardViewModel.swift */ = {isa = PBXFileReference; lastKnownFileType = sourcecode.swift; path = OnBoardViewModel.swift; sourceTree = "<group>"; };
		E342D62D281B2A3C001C2E4E /* CommentTextView.swift */ = {isa = PBXFileReference; lastKnownFileType = sourcecode.swift; path = CommentTextView.swift; sourceTree = "<group>"; };
		E342D62F281B515E001C2E4E /* AboutVehicleView.swift */ = {isa = PBXFileReference; lastKnownFileType = sourcecode.swift; path = AboutVehicleView.swift; sourceTree = "<group>"; };
		E342D631281B539E001C2E4E /* AboutModel.swift */ = {isa = PBXFileReference; lastKnownFileType = sourcecode.swift; path = AboutModel.swift; sourceTree = "<group>"; };
		E342D633281B623F001C2E4E /* BrandModel.swift */ = {isa = PBXFileReference; lastKnownFileType = sourcecode.swift; path = BrandModel.swift; sourceTree = "<group>"; };
		E342D635281B66D8001C2E4E /* PagableImageView.swift */ = {isa = PBXFileReference; lastKnownFileType = sourcecode.swift; path = PagableImageView.swift; sourceTree = "<group>"; };
		E342D637281B6877001C2E4E /* VehicleImageModel.swift */ = {isa = PBXFileReference; lastKnownFileType = sourcecode.swift; path = VehicleImageModel.swift; sourceTree = "<group>"; };
		E342D639281BF0DE001C2E4E /* ContractSliderView.swift */ = {isa = PBXFileReference; lastKnownFileType = sourcecode.swift; path = ContractSliderView.swift; sourceTree = "<group>"; };
		E342D63B281C2BEC001C2E4E /* VehicleDetailInfoView.swift */ = {isa = PBXFileReference; lastKnownFileType = sourcecode.swift; path = VehicleDetailInfoView.swift; sourceTree = "<group>"; };
		E342D63D281C313E001C2E4E /* SliderView.swift */ = {isa = PBXFileReference; lastKnownFileType = sourcecode.swift; path = SliderView.swift; sourceTree = "<group>"; };
		E342D63F281C38B8001C2E4E /* ContractButtonStyle.swift */ = {isa = PBXFileReference; lastKnownFileType = sourcecode.swift; path = ContractButtonStyle.swift; sourceTree = "<group>"; };
		E342D641281C4799001C2E4E /* TagsModel.swift */ = {isa = PBXFileReference; lastKnownFileType = sourcecode.swift; path = TagsModel.swift; sourceTree = "<group>"; };
		E3C692F028140CAD00399438 /* eKar.app */ = {isa = PBXFileReference; explicitFileType = wrapper.application; includeInIndex = 0; path = eKar.app; sourceTree = BUILT_PRODUCTS_DIR; };
		E3C692F328140CAD00399438 /* eKarApp.swift */ = {isa = PBXFileReference; lastKnownFileType = sourcecode.swift; path = eKarApp.swift; sourceTree = "<group>"; };
		E3C692F728140CAD00399438 /* Assets.xcassets */ = {isa = PBXFileReference; lastKnownFileType = folder.assetcatalog; path = Assets.xcassets; sourceTree = "<group>"; };
		E3C692FA28140CAD00399438 /* Preview Assets.xcassets */ = {isa = PBXFileReference; lastKnownFileType = folder.assetcatalog; path = "Preview Assets.xcassets"; sourceTree = "<group>"; };
		E3C6930028140CAE00399438 /* eKarTests.xctest */ = {isa = PBXFileReference; explicitFileType = wrapper.cfbundle; includeInIndex = 0; path = eKarTests.xctest; sourceTree = BUILT_PRODUCTS_DIR; };
		E3C6930428140CAE00399438 /* eKarTests.swift */ = {isa = PBXFileReference; lastKnownFileType = sourcecode.swift; path = eKarTests.swift; sourceTree = "<group>"; };
		E3C6930A28140CAE00399438 /* eKarUITests.xctest */ = {isa = PBXFileReference; explicitFileType = wrapper.cfbundle; includeInIndex = 0; path = eKarUITests.xctest; sourceTree = BUILT_PRODUCTS_DIR; };
		E3C6930E28140CAE00399438 /* eKarUITests.swift */ = {isa = PBXFileReference; lastKnownFileType = sourcecode.swift; path = eKarUITests.swift; sourceTree = "<group>"; };
		E3C6931028140CAE00399438 /* eKarUITestsLaunchTests.swift */ = {isa = PBXFileReference; lastKnownFileType = sourcecode.swift; path = eKarUITestsLaunchTests.swift; sourceTree = "<group>"; };
/* End PBXFileReference section */

/* Begin PBXFrameworksBuildPhase section */
		E3C692ED28140CAD00399438 /* Frameworks */ = {
			isa = PBXFrameworksBuildPhase;
			buildActionMask = 2147483647;
			files = (
			);
			runOnlyForDeploymentPostprocessing = 0;
		};
		E3C692FD28140CAE00399438 /* Frameworks */ = {
			isa = PBXFrameworksBuildPhase;
			buildActionMask = 2147483647;
			files = (
			);
			runOnlyForDeploymentPostprocessing = 0;
		};
		E3C6930728140CAE00399438 /* Frameworks */ = {
			isa = PBXFrameworksBuildPhase;
			buildActionMask = 2147483647;
			files = (
			);
			runOnlyForDeploymentPostprocessing = 0;
		};
/* End PBXFrameworksBuildPhase section */

/* Begin PBXGroup section */
		E342D5FE28140E24001C2E4E /* Scenes */ = {
			isa = PBXGroup;
			children = (
				E342D605281415B1001C2E4E /* Map */,
				E342D606281415B8001C2E4E /* Vehicle */,
				E342D61A281AF1B4001C2E4E /* onBoard */,
			);
			path = Scenes;
			sourceTree = "<group>";
		};
		E342D5FF28140E3C001C2E4E /* Resources */ = {
			isa = PBXGroup;
			children = (
				E3C692F728140CAD00399438 /* Assets.xcassets */,
			);
			path = Resources;
			sourceTree = "<group>";
		};
		E342D60028140E41001C2E4E /* Helper */ = {
			isa = PBXGroup;
			children = (
				E342D60F28142A2F001C2E4E /* Constants.swift */,
				E342D6112814BD9D001C2E4E /* BaseService.swift */,
			);
			path = Helper;
			sourceTree = "<group>";
		};
		E342D60128140E50001C2E4E /* Models */ = {
			isa = PBXGroup;
			children = (
				E342D6132814C58A001C2E4E /* VehicleDetailModel.swift */,
				E342D6182819D726001C2E4E /* LocationModel.swift */,
				E342D631281B539E001C2E4E /* AboutModel.swift */,
				E342D633281B623F001C2E4E /* BrandModel.swift */,
				E342D637281B6877001C2E4E /* VehicleImageModel.swift */,
				E342D641281C4799001C2E4E /* TagsModel.swift */,
			);
			path = Models;
			sourceTree = "<group>";
		};
		E342D60228140E5A001C2E4E /* Views */ = {
			isa = PBXGroup;
			children = (
				E342D61E281B0579001C2E4E /* ProceedButtonStyle.swift */,
				E342D61B281B04C3001C2E4E /* NavigationIcon.swift */,
				E342D63F281C38B8001C2E4E /* ContractButtonStyle.swift */,
			);
			path = Views;
			sourceTree = "<group>";
		};
		E342D60328140E5E001C2E4E /* Supporting Files */ = {
			isa = PBXGroup;
			children = (
			);
			path = "Supporting Files";
			sourceTree = "<group>";
		};
		E342D60428140E6C001C2E4E /* App */ = {
			isa = PBXGroup;
			children = (
				E3C692F328140CAD00399438 /* eKarApp.swift */,
			);
			path = App;
			sourceTree = "<group>";
		};
		E342D605281415B1001C2E4E /* Map */ = {
			isa = PBXGroup;
			children = (
				E342D607281415E2001C2E4E /* MapView.swift */,
				E342D609281415F0001C2E4E /* MapViewModel.swift */,
			);
			path = Map;
			sourceTree = "<group>";
		};
		E342D606281415B8001C2E4E /* Vehicle */ = {
			isa = PBXGroup;
			children = (
				E342D61D281B0560001C2E4E /* Views */,
				E342D60B2814187A001C2E4E /* VehicleView.swift */,
				E342D60D28141883001C2E4E /* VehicleViewModel.swift */,
			);
			path = Vehicle;
			sourceTree = "<group>";
		};
		E342D61A281AF1B4001C2E4E /* onBoard */ = {
			isa = PBXGroup;
			children = (
				E342D628281B2140001C2E4E /* Views */,
				E342D629281B244F001C2E4E /* OnBoardView.swift */,
				E342D62B281B2458001C2E4E /* OnBoardViewModel.swift */,
			);
			path = onBoard;
			sourceTree = "<group>";
		};
		E342D61D281B0560001C2E4E /* Views */ = {
			isa = PBXGroup;
			children = (
				E342D620281B08C8001C2E4E /* VehicleBrandView.swift */,
				E342D624281B0F62001C2E4E /* KeyListView.swift */,
				E342D62F281B515E001C2E4E /* AboutVehicleView.swift */,
				E342D635281B66D8001C2E4E /* PagableImageView.swift */,
				E342D639281BF0DE001C2E4E /* ContractSliderView.swift */,
				E342D63B281C2BEC001C2E4E /* VehicleDetailInfoView.swift */,
				E342D63D281C313E001C2E4E /* SliderView.swift */,
			);
			path = Views;
			sourceTree = "<group>";
		};
		E342D628281B2140001C2E4E /* Views */ = {
			isa = PBXGroup;
			children = (
				E342D626281B213B001C2E4E /* PhotoView.swift */,
				E342D62D281B2A3C001C2E4E /* CommentTextView.swift */,
			);
			path = Views;
			sourceTree = "<group>";
		};
		E3C692E728140CAD00399438 = {
			isa = PBXGroup;
			children = (
				E3C692F228140CAD00399438 /* eKar */,
				E3C6930328140CAE00399438 /* eKarTests */,
				E3C6930D28140CAE00399438 /* eKarUITests */,
				E3C692F128140CAD00399438 /* Products */,
			);
			sourceTree = "<group>";
		};
		E3C692F128140CAD00399438 /* Products */ = {
			isa = PBXGroup;
			children = (
				E3C692F028140CAD00399438 /* eKar.app */,
				E3C6930028140CAE00399438 /* eKarTests.xctest */,
				E3C6930A28140CAE00399438 /* eKarUITests.xctest */,
			);
			name = Products;
			sourceTree = "<group>";
		};
		E3C692F228140CAD00399438 /* eKar */ = {
			isa = PBXGroup;
			children = (
				E342D6152814C9AC001C2E4E /* Info.plist */,
				E342D60428140E6C001C2E4E /* App */,
				E342D5FE28140E24001C2E4E /* Scenes */,
				E342D60228140E5A001C2E4E /* Views */,
				E342D60128140E50001C2E4E /* Models */,
				E342D60328140E5E001C2E4E /* Supporting Files */,
				E342D60028140E41001C2E4E /* Helper */,
				E342D5FF28140E3C001C2E4E /* Resources */,
				E3C692F928140CAD00399438 /* Preview Content */,
			);
			path = eKar;
			sourceTree = "<group>";
		};
		E3C692F928140CAD00399438 /* Preview Content */ = {
			isa = PBXGroup;
			children = (
				E3C692FA28140CAD00399438 /* Preview Assets.xcassets */,
			);
			path = "Preview Content";
			sourceTree = "<group>";
		};
		E3C6930328140CAE00399438 /* eKarTests */ = {
			isa = PBXGroup;
			children = (
				E3C6930428140CAE00399438 /* eKarTests.swift */,
			);
			path = eKarTests;
			sourceTree = "<group>";
		};
		E3C6930D28140CAE00399438 /* eKarUITests */ = {
			isa = PBXGroup;
			children = (
				E3C6930E28140CAE00399438 /* eKarUITests.swift */,
				E3C6931028140CAE00399438 /* eKarUITestsLaunchTests.swift */,
			);
			path = eKarUITests;
			sourceTree = "<group>";
		};
/* End PBXGroup section */

/* Begin PBXNativeTarget section */
		E3C692EF28140CAD00399438 /* eKar */ = {
			isa = PBXNativeTarget;
			buildConfigurationList = E3C6931428140CAE00399438 /* Build configuration list for PBXNativeTarget "eKar" */;
			buildPhases = (
				E3C692EC28140CAD00399438 /* Sources */,
				E3C692ED28140CAD00399438 /* Frameworks */,
				E3C692EE28140CAD00399438 /* Resources */,
			);
			buildRules = (
			);
			dependencies = (
			);
			name = eKar;
			productName = eKar;
			productReference = E3C692F028140CAD00399438 /* eKar.app */;
			productType = "com.apple.product-type.application";
		};
		E3C692FF28140CAE00399438 /* eKarTests */ = {
			isa = PBXNativeTarget;
			buildConfigurationList = E3C6931728140CAE00399438 /* Build configuration list for PBXNativeTarget "eKarTests" */;
			buildPhases = (
				E3C692FC28140CAE00399438 /* Sources */,
				E3C692FD28140CAE00399438 /* Frameworks */,
				E3C692FE28140CAE00399438 /* Resources */,
			);
			buildRules = (
			);
			dependencies = (
				E3C6930228140CAE00399438 /* PBXTargetDependency */,
			);
			name = eKarTests;
			productName = eKarTests;
			productReference = E3C6930028140CAE00399438 /* eKarTests.xctest */;
			productType = "com.apple.product-type.bundle.unit-test";
		};
		E3C6930928140CAE00399438 /* eKarUITests */ = {
			isa = PBXNativeTarget;
			buildConfigurationList = E3C6931A28140CAE00399438 /* Build configuration list for PBXNativeTarget "eKarUITests" */;
			buildPhases = (
				E3C6930628140CAE00399438 /* Sources */,
				E3C6930728140CAE00399438 /* Frameworks */,
				E3C6930828140CAE00399438 /* Resources */,
			);
			buildRules = (
			);
			dependencies = (
				E3C6930C28140CAE00399438 /* PBXTargetDependency */,
			);
			name = eKarUITests;
			productName = eKarUITests;
			productReference = E3C6930A28140CAE00399438 /* eKarUITests.xctest */;
			productType = "com.apple.product-type.bundle.ui-testing";
		};
/* End PBXNativeTarget section */

/* Begin PBXProject section */
		E3C692E828140CAD00399438 /* Project object */ = {
			isa = PBXProject;
			attributes = {
				BuildIndependentTargetsInParallel = 1;
				LastSwiftUpdateCheck = 1330;
				LastUpgradeCheck = 1330;
				TargetAttributes = {
					E3C692EF28140CAD00399438 = {
						CreatedOnToolsVersion = 13.3;
					};
					E3C692FF28140CAE00399438 = {
						CreatedOnToolsVersion = 13.3;
						TestTargetID = E3C692EF28140CAD00399438;
					};
					E3C6930928140CAE00399438 = {
						CreatedOnToolsVersion = 13.3;
						TestTargetID = E3C692EF28140CAD00399438;
					};
				};
			};
			buildConfigurationList = E3C692EB28140CAD00399438 /* Build configuration list for PBXProject "eKar" */;
			compatibilityVersion = "Xcode 13.0";
			developmentRegion = en;
			hasScannedForEncodings = 0;
			knownRegions = (
				en,
				Base,
			);
			mainGroup = E3C692E728140CAD00399438;
			productRefGroup = E3C692F128140CAD00399438 /* Products */;
			projectDirPath = "";
			projectRoot = "";
			targets = (
				E3C692EF28140CAD00399438 /* eKar */,
				E3C692FF28140CAE00399438 /* eKarTests */,
				E3C6930928140CAE00399438 /* eKarUITests */,
			);
		};
/* End PBXProject section */

/* Begin PBXResourcesBuildPhase section */
		E3C692EE28140CAD00399438 /* Resources */ = {
			isa = PBXResourcesBuildPhase;
			buildActionMask = 2147483647;
			files = (
				E3C692FB28140CAD00399438 /* Preview Assets.xcassets in Resources */,
				E3C692F828140CAD00399438 /* Assets.xcassets in Resources */,
			);
			runOnlyForDeploymentPostprocessing = 0;
		};
		E3C692FE28140CAE00399438 /* Resources */ = {
			isa = PBXResourcesBuildPhase;
			buildActionMask = 2147483647;
			files = (
			);
			runOnlyForDeploymentPostprocessing = 0;
		};
		E3C6930828140CAE00399438 /* Resources */ = {
			isa = PBXResourcesBuildPhase;
			buildActionMask = 2147483647;
			files = (
			);
			runOnlyForDeploymentPostprocessing = 0;
		};
/* End PBXResourcesBuildPhase section */

/* Begin PBXSourcesBuildPhase section */
		E3C692EC28140CAD00399438 /* Sources */ = {
			isa = PBXSourcesBuildPhase;
			buildActionMask = 2147483647;
			files = (
				E342D63C281C2BEC001C2E4E /* VehicleDetailInfoView.swift in Sources */,
				E342D632281B539E001C2E4E /* AboutModel.swift in Sources */,
				E342D60E28141883001C2E4E /* VehicleViewModel.swift in Sources */,
				E342D642281C4799001C2E4E /* TagsModel.swift in Sources */,
				E342D630281B515E001C2E4E /* AboutVehicleView.swift in Sources */,
				E342D63E281C313E001C2E4E /* SliderView.swift in Sources */,
				E342D61F281B0579001C2E4E /* ProceedButtonStyle.swift in Sources */,
				E342D62C281B2458001C2E4E /* OnBoardViewModel.swift in Sources */,
				E342D608281415E2001C2E4E /* MapView.swift in Sources */,
				E3C692F428140CAD00399438 /* eKarApp.swift in Sources */,
				E342D61028142A2F001C2E4E /* Constants.swift in Sources */,
				E342D63A281BF0DE001C2E4E /* ContractSliderView.swift in Sources */,
				E342D6192819D726001C2E4E /* LocationModel.swift in Sources */,
				E342D625281B0F62001C2E4E /* KeyListView.swift in Sources */,
				E342D634281B623F001C2E4E /* BrandModel.swift in Sources */,
				E342D6122814BD9D001C2E4E /* BaseService.swift in Sources */,
				E342D621281B08C8001C2E4E /* VehicleBrandView.swift in Sources */,
				E342D62E281B2A3C001C2E4E /* CommentTextView.swift in Sources */,
				E342D640281C38B8001C2E4E /* ContractButtonStyle.swift in Sources */,
				E342D627281B213B001C2E4E /* PhotoView.swift in Sources */,
				E342D60A281415F0001C2E4E /* MapViewModel.swift in Sources */,
				E342D62A281B244F001C2E4E /* OnBoardView.swift in Sources */,
				E342D636281B66D8001C2E4E /* PagableImageView.swift in Sources */,
				E342D638281B6877001C2E4E /* VehicleImageModel.swift in Sources */,
				E342D60C2814187A001C2E4E /* VehicleView.swift in Sources */,
				E342D61C281B04C3001C2E4E /* NavigationIcon.swift in Sources */,
				E342D6142814C58A001C2E4E /* VehicleDetailModel.swift in Sources */,
			);
			runOnlyForDeploymentPostprocessing = 0;
		};
		E3C692FC28140CAE00399438 /* Sources */ = {
			isa = PBXSourcesBuildPhase;
			buildActionMask = 2147483647;
			files = (
				E3C6930528140CAE00399438 /* eKarTests.swift in Sources */,
			);
			runOnlyForDeploymentPostprocessing = 0;
		};
		E3C6930628140CAE00399438 /* Sources */ = {
			isa = PBXSourcesBuildPhase;
			buildActionMask = 2147483647;
			files = (
				E3C6930F28140CAE00399438 /* eKarUITests.swift in Sources */,
				E3C6931128140CAE00399438 /* eKarUITestsLaunchTests.swift in Sources */,
			);
			runOnlyForDeploymentPostprocessing = 0;
		};
/* End PBXSourcesBuildPhase section */

/* Begin PBXTargetDependency section */
		E3C6930228140CAE00399438 /* PBXTargetDependency */ = {
			isa = PBXTargetDependency;
			target = E3C692EF28140CAD00399438 /* eKar */;
			targetProxy = E3C6930128140CAE00399438 /* PBXContainerItemProxy */;
		};
		E3C6930C28140CAE00399438 /* PBXTargetDependency */ = {
			isa = PBXTargetDependency;
			target = E3C692EF28140CAD00399438 /* eKar */;
			targetProxy = E3C6930B28140CAE00399438 /* PBXContainerItemProxy */;
		};
/* End PBXTargetDependency section */

/* Begin XCBuildConfiguration section */
		E3C6931228140CAE00399438 /* Debug */ = {
			isa = XCBuildConfiguration;
			buildSettings = {
				ALWAYS_SEARCH_USER_PATHS = NO;
				CLANG_ANALYZER_NONNULL = YES;
				CLANG_ANALYZER_NUMBER_OBJECT_CONVERSION = YES_AGGRESSIVE;
				CLANG_CXX_LANGUAGE_STANDARD = "gnu++17";
				CLANG_ENABLE_MODULES = YES;
				CLANG_ENABLE_OBJC_ARC = YES;
				CLANG_ENABLE_OBJC_WEAK = YES;
				CLANG_WARN_BLOCK_CAPTURE_AUTORELEASING = YES;
				CLANG_WARN_BOOL_CONVERSION = YES;
				CLANG_WARN_COMMA = YES;
				CLANG_WARN_CONSTANT_CONVERSION = YES;
				CLANG_WARN_DEPRECATED_OBJC_IMPLEMENTATIONS = YES;
				CLANG_WARN_DIRECT_OBJC_ISA_USAGE = YES_ERROR;
				CLANG_WARN_DOCUMENTATION_COMMENTS = YES;
				CLANG_WARN_EMPTY_BODY = YES;
				CLANG_WARN_ENUM_CONVERSION = YES;
				CLANG_WARN_INFINITE_RECURSION = YES;
				CLANG_WARN_INT_CONVERSION = YES;
				CLANG_WARN_NON_LITERAL_NULL_CONVERSION = YES;
				CLANG_WARN_OBJC_IMPLICIT_RETAIN_SELF = YES;
				CLANG_WARN_OBJC_LITERAL_CONVERSION = YES;
				CLANG_WARN_OBJC_ROOT_CLASS = YES_ERROR;
				CLANG_WARN_QUOTED_INCLUDE_IN_FRAMEWORK_HEADER = YES;
				CLANG_WARN_RANGE_LOOP_ANALYSIS = YES;
				CLANG_WARN_STRICT_PROTOTYPES = YES;
				CLANG_WARN_SUSPICIOUS_MOVE = YES;
				CLANG_WARN_UNGUARDED_AVAILABILITY = YES_AGGRESSIVE;
				CLANG_WARN_UNREACHABLE_CODE = YES;
				CLANG_WARN__DUPLICATE_METHOD_MATCH = YES;
				COPY_PHASE_STRIP = NO;
				DEBUG_INFORMATION_FORMAT = dwarf;
				ENABLE_STRICT_OBJC_MSGSEND = YES;
				ENABLE_TESTABILITY = YES;
				GCC_C_LANGUAGE_STANDARD = gnu11;
				GCC_DYNAMIC_NO_PIC = NO;
				GCC_NO_COMMON_BLOCKS = YES;
				GCC_OPTIMIZATION_LEVEL = 0;
				GCC_PREPROCESSOR_DEFINITIONS = (
					"DEBUG=1",
					"$(inherited)",
				);
				GCC_WARN_64_TO_32_BIT_CONVERSION = YES;
				GCC_WARN_ABOUT_RETURN_TYPE = YES_ERROR;
				GCC_WARN_UNDECLARED_SELECTOR = YES;
				GCC_WARN_UNINITIALIZED_AUTOS = YES_AGGRESSIVE;
				GCC_WARN_UNUSED_FUNCTION = YES;
				GCC_WARN_UNUSED_VARIABLE = YES;
				IPHONEOS_DEPLOYMENT_TARGET = 15.4;
				MTL_ENABLE_DEBUG_INFO = INCLUDE_SOURCE;
				MTL_FAST_MATH = YES;
				ONLY_ACTIVE_ARCH = YES;
				SDKROOT = iphoneos;
				SWIFT_ACTIVE_COMPILATION_CONDITIONS = DEBUG;
				SWIFT_OPTIMIZATION_LEVEL = "-Onone";
			};
			name = Debug;
		};
		E3C6931328140CAE00399438 /* Release */ = {
			isa = XCBuildConfiguration;
			buildSettings = {
				ALWAYS_SEARCH_USER_PATHS = NO;
				CLANG_ANALYZER_NONNULL = YES;
				CLANG_ANALYZER_NUMBER_OBJECT_CONVERSION = YES_AGGRESSIVE;
				CLANG_CXX_LANGUAGE_STANDARD = "gnu++17";
				CLANG_ENABLE_MODULES = YES;
				CLANG_ENABLE_OBJC_ARC = YES;
				CLANG_ENABLE_OBJC_WEAK = YES;
				CLANG_WARN_BLOCK_CAPTURE_AUTORELEASING = YES;
				CLANG_WARN_BOOL_CONVERSION = YES;
				CLANG_WARN_COMMA = YES;
				CLANG_WARN_CONSTANT_CONVERSION = YES;
				CLANG_WARN_DEPRECATED_OBJC_IMPLEMENTATIONS = YES;
				CLANG_WARN_DIRECT_OBJC_ISA_USAGE = YES_ERROR;
				CLANG_WARN_DOCUMENTATION_COMMENTS = YES;
				CLANG_WARN_EMPTY_BODY = YES;
				CLANG_WARN_ENUM_CONVERSION = YES;
				CLANG_WARN_INFINITE_RECURSION = YES;
				CLANG_WARN_INT_CONVERSION = YES;
				CLANG_WARN_NON_LITERAL_NULL_CONVERSION = YES;
				CLANG_WARN_OBJC_IMPLICIT_RETAIN_SELF = YES;
				CLANG_WARN_OBJC_LITERAL_CONVERSION = YES;
				CLANG_WARN_OBJC_ROOT_CLASS = YES_ERROR;
				CLANG_WARN_QUOTED_INCLUDE_IN_FRAMEWORK_HEADER = YES;
				CLANG_WARN_RANGE_LOOP_ANALYSIS = YES;
				CLANG_WARN_STRICT_PROTOTYPES = YES;
				CLANG_WARN_SUSPICIOUS_MOVE = YES;
				CLANG_WARN_UNGUARDED_AVAILABILITY = YES_AGGRESSIVE;
				CLANG_WARN_UNREACHABLE_CODE = YES;
				CLANG_WARN__DUPLICATE_METHOD_MATCH = YES;
				COPY_PHASE_STRIP = NO;
				DEBUG_INFORMATION_FORMAT = "dwarf-with-dsym";
				ENABLE_NS_ASSERTIONS = NO;
				ENABLE_STRICT_OBJC_MSGSEND = YES;
				GCC_C_LANGUAGE_STANDARD = gnu11;
				GCC_NO_COMMON_BLOCKS = YES;
				GCC_WARN_64_TO_32_BIT_CONVERSION = YES;
				GCC_WARN_ABOUT_RETURN_TYPE = YES_ERROR;
				GCC_WARN_UNDECLARED_SELECTOR = YES;
				GCC_WARN_UNINITIALIZED_AUTOS = YES_AGGRESSIVE;
				GCC_WARN_UNUSED_FUNCTION = YES;
				GCC_WARN_UNUSED_VARIABLE = YES;
				IPHONEOS_DEPLOYMENT_TARGET = 15.4;
				MTL_ENABLE_DEBUG_INFO = NO;
				MTL_FAST_MATH = YES;
				SDKROOT = iphoneos;
				SWIFT_COMPILATION_MODE = wholemodule;
				SWIFT_OPTIMIZATION_LEVEL = "-O";
				VALIDATE_PRODUCT = YES;
			};
			name = Release;
		};
		E3C6931528140CAE00399438 /* Debug */ = {
			isa = XCBuildConfiguration;
			buildSettings = {
				ASSETCATALOG_COMPILER_APPICON_NAME = AppIcon;
				ASSETCATALOG_COMPILER_GLOBAL_ACCENT_COLOR_NAME = AccentColor;
				CODE_SIGN_STYLE = Automatic;
				CURRENT_PROJECT_VERSION = 1;
				DEVELOPMENT_ASSET_PATHS = "\"eKar/Preview Content\"";
				DEVELOPMENT_TEAM = VK3R7F9D63;
				ENABLE_PREVIEWS = YES;
				GENERATE_INFOPLIST_FILE = YES;
				INFOPLIST_FILE = eKar/Info.plist;
				INFOPLIST_KEY_UIApplicationSceneManifest_Generation = YES;
				INFOPLIST_KEY_UIApplicationSupportsIndirectInputEvents = YES;
				INFOPLIST_KEY_UILaunchScreen_Generation = YES;
				INFOPLIST_KEY_UISupportedInterfaceOrientations_iPad = "UIInterfaceOrientationPortrait UIInterfaceOrientationPortraitUpsideDown UIInterfaceOrientationLandscapeLeft UIInterfaceOrientationLandscapeRight";
				INFOPLIST_KEY_UISupportedInterfaceOrientations_iPhone = "UIInterfaceOrientationPortrait UIInterfaceOrientationLandscapeLeft UIInterfaceOrientationLandscapeRight";
				LD_RUNPATH_SEARCH_PATHS = (
					"$(inherited)",
					"@executable_path/Frameworks",
				);
				MARKETING_VERSION = 1.0;
				PRODUCT_BUNDLE_IDENTIFIER = com.eKar;
				PRODUCT_NAME = "$(TARGET_NAME)";
				SWIFT_EMIT_LOC_STRINGS = YES;
				SWIFT_VERSION = 5.0;
				TARGETED_DEVICE_FAMILY = "1,2";
			};
			name = Debug;
		};
		E3C6931628140CAE00399438 /* Release */ = {
			isa = XCBuildConfiguration;
			buildSettings = {
				ASSETCATALOG_COMPILER_APPICON_NAME = AppIcon;
				ASSETCATALOG_COMPILER_GLOBAL_ACCENT_COLOR_NAME = AccentColor;
				CODE_SIGN_STYLE = Automatic;
				CURRENT_PROJECT_VERSION = 1;
				DEVELOPMENT_ASSET_PATHS = "\"eKar/Preview Content\"";
				DEVELOPMENT_TEAM = VK3R7F9D63;
				ENABLE_PREVIEWS = YES;
				GENERATE_INFOPLIST_FILE = YES;
				INFOPLIST_FILE = eKar/Info.plist;
				INFOPLIST_KEY_UIApplicationSceneManifest_Generation = YES;
				INFOPLIST_KEY_UIApplicationSupportsIndirectInputEvents = YES;
				INFOPLIST_KEY_UILaunchScreen_Generation = YES;
				INFOPLIST_KEY_UISupportedInterfaceOrientations_iPad = "UIInterfaceOrientationPortrait UIInterfaceOrientationPortraitUpsideDown UIInterfaceOrientationLandscapeLeft UIInterfaceOrientationLandscapeRight";
				INFOPLIST_KEY_UISupportedInterfaceOrientations_iPhone = "UIInterfaceOrientationPortrait UIInterfaceOrientationLandscapeLeft UIInterfaceOrientationLandscapeRight";
				LD_RUNPATH_SEARCH_PATHS = (
					"$(inherited)",
					"@executable_path/Frameworks",
				);
				MARKETING_VERSION = 1.0;
				PRODUCT_BUNDLE_IDENTIFIER = com.eKar;
				PRODUCT_NAME = "$(TARGET_NAME)";
				SWIFT_EMIT_LOC_STRINGS = YES;
				SWIFT_VERSION = 5.0;
				TARGETED_DEVICE_FAMILY = "1,2";
			};
			name = Release;
		};
		E3C6931828140CAE00399438 /* Debug */ = {
			isa = XCBuildConfiguration;
			buildSettings = {
				ALWAYS_EMBED_SWIFT_STANDARD_LIBRARIES = YES;
				BUNDLE_LOADER = "$(TEST_HOST)";
				CODE_SIGN_STYLE = Automatic;
				CURRENT_PROJECT_VERSION = 1;
				DEVELOPMENT_TEAM = VK3R7F9D63;
				GENERATE_INFOPLIST_FILE = YES;
				IPHONEOS_DEPLOYMENT_TARGET = 15.4;
				MARKETING_VERSION = 1.0;
				PRODUCT_BUNDLE_IDENTIFIER = com.eKarTests;
				PRODUCT_NAME = "$(TARGET_NAME)";
				SWIFT_EMIT_LOC_STRINGS = NO;
				SWIFT_VERSION = 5.0;
				TARGETED_DEVICE_FAMILY = "1,2";
				TEST_HOST = "$(BUILT_PRODUCTS_DIR)/eKar.app/eKar";
			};
			name = Debug;
		};
		E3C6931928140CAE00399438 /* Release */ = {
			isa = XCBuildConfiguration;
			buildSettings = {
				ALWAYS_EMBED_SWIFT_STANDARD_LIBRARIES = YES;
				BUNDLE_LOADER = "$(TEST_HOST)";
				CODE_SIGN_STYLE = Automatic;
				CURRENT_PROJECT_VERSION = 1;
				DEVELOPMENT_TEAM = VK3R7F9D63;
				GENERATE_INFOPLIST_FILE = YES;
				IPHONEOS_DEPLOYMENT_TARGET = 15.4;
				MARKETING_VERSION = 1.0;
				PRODUCT_BUNDLE_IDENTIFIER = com.eKarTests;
				PRODUCT_NAME = "$(TARGET_NAME)";
				SWIFT_EMIT_LOC_STRINGS = NO;
				SWIFT_VERSION = 5.0;
				TARGETED_DEVICE_FAMILY = "1,2";
				TEST_HOST = "$(BUILT_PRODUCTS_DIR)/eKar.app/eKar";
			};
			name = Release;
		};
		E3C6931B28140CAE00399438 /* Debug */ = {
			isa = XCBuildConfiguration;
			buildSettings = {
				ALWAYS_EMBED_SWIFT_STANDARD_LIBRARIES = YES;
				CODE_SIGN_STYLE = Automatic;
				CURRENT_PROJECT_VERSION = 1;
				DEVELOPMENT_TEAM = VK3R7F9D63;
				GENERATE_INFOPLIST_FILE = YES;
				MARKETING_VERSION = 1.0;
				PRODUCT_BUNDLE_IDENTIFIER = com.eKarUITests;
				PRODUCT_NAME = "$(TARGET_NAME)";
				SWIFT_EMIT_LOC_STRINGS = NO;
				SWIFT_VERSION = 5.0;
				TARGETED_DEVICE_FAMILY = "1,2";
				TEST_TARGET_NAME = eKar;
			};
			name = Debug;
		};
		E3C6931C28140CAE00399438 /* Release */ = {
			isa = XCBuildConfiguration;
			buildSettings = {
				ALWAYS_EMBED_SWIFT_STANDARD_LIBRARIES = YES;
				CODE_SIGN_STYLE = Automatic;
				CURRENT_PROJECT_VERSION = 1;
				DEVELOPMENT_TEAM = VK3R7F9D63;
				GENERATE_INFOPLIST_FILE = YES;
				MARKETING_VERSION = 1.0;
				PRODUCT_BUNDLE_IDENTIFIER = com.eKarUITests;
				PRODUCT_NAME = "$(TARGET_NAME)";
				SWIFT_EMIT_LOC_STRINGS = NO;
				SWIFT_VERSION = 5.0;
				TARGETED_DEVICE_FAMILY = "1,2";
				TEST_TARGET_NAME = eKar;
			};
			name = Release;
		};
/* End XCBuildConfiguration section */

/* Begin XCConfigurationList section */
		E3C692EB28140CAD00399438 /* Build configuration list for PBXProject "eKar" */ = {
			isa = XCConfigurationList;
			buildConfigurations = (
				E3C6931228140CAE00399438 /* Debug */,
				E3C6931328140CAE00399438 /* Release */,
			);
			defaultConfigurationIsVisible = 0;
			defaultConfigurationName = Release;
		};
		E3C6931428140CAE00399438 /* Build configuration list for PBXNativeTarget "eKar" */ = {
			isa = XCConfigurationList;
			buildConfigurations = (
				E3C6931528140CAE00399438 /* Debug */,
				E3C6931628140CAE00399438 /* Release */,
			);
			defaultConfigurationIsVisible = 0;
			defaultConfigurationName = Release;
		};
		E3C6931728140CAE00399438 /* Build configuration list for PBXNativeTarget "eKarTests" */ = {
			isa = XCConfigurationList;
			buildConfigurations = (
				E3C6931828140CAE00399438 /* Debug */,
				E3C6931928140CAE00399438 /* Release */,
			);
			defaultConfigurationIsVisible = 0;
			defaultConfigurationName = Release;
		};
		E3C6931A28140CAE00399438 /* Build configuration list for PBXNativeTarget "eKarUITests" */ = {
			isa = XCConfigurationList;
			buildConfigurations = (
				E3C6931B28140CAE00399438 /* Debug */,
				E3C6931C28140CAE00399438 /* Release */,
			);
			defaultConfigurationIsVisible = 0;
			defaultConfigurationName = Release;
		};
/* End XCConfigurationList section */
	};
	rootObject = E3C692E828140CAD00399438 /* Project object */;
}
